
Microsoft Visual Studio Solution File, Format Version 12.00
# Visual Studio 15
VisualStudioVersion = 15.0.28307.1800
MinimumVisualStudioVersion = 10.0.40219.1
Project("{FAE04EC0-301F-11D3-BF4B-00C04F79EFBC}") = "Stock", "Stock\Stock.csproj", "{86AEEFE2-7FBB-41BE-AFEA-326C38E49CF9}"
EndProject
Global
	GlobalSection(SolutionConfigurationPlatforms) = preSolution
		Debug|Any CPU = Debug|Any CPU
		Release|Any CPU = Release|Any CPU
	EndGlobalSection
	GlobalSection(ProjectConfigurationPlatforms) = postSolution
		{86AEEFE2-7FBB-41BE-AFEA-326C38E49CF9}.Debug|Any CPU.ActiveCfg = Debug|Any CPU
		{86AEEFE2-7FBB-41BE-AFEA-326C38E49CF9}.Debug|Any CPU.Build.0 = Debug|Any CPU
		{86AEEFE2-7FBB-41BE-AFEA-326C38E49CF9}.Release|Any CPU.ActiveCfg = Release|Any CPU
		{86AEEFE2-7FBB-41BE-AFEA-326C38E49CF9}.Release|Any CPU.Build.0 = Release|Any CPU
	EndGlobalSection
	GlobalSection(SolutionProperties) = preSolution
		HideSolutionNode = FALSE
	EndGlobalSection
	GlobalSection(ExtensibilityGlobals) = postSolution
		SolutionGuid = {A5B29565-936C-4AF2-A932-108D76FF9614}
	EndGlobalSection
EndGlobal
